PODS:
  - AcknowList (1.2)
  - Alamofire (4.0.1)
  - AlamofireObjectMapper (4.0.0):
    - Alamofire (~> 4.0)
    - ObjectMapper (~> 2.0)
  - Bolts (1.8.4):
    - Bolts/AppLinks (= 1.8.4)
    - Bolts/Tasks (= 1.8.4)
  - Bolts/AppLinks (1.8.4):
    - Bolts/Tasks
  - Bolts/Tasks (1.8.4)
  - CVCalendar (1.4.0)
  - FBSDKCoreKit (4.16.1):
    - Bolts (~> 1.7)
  - FBSDKLoginKit (4.16.1):
    - FBSDKCoreKit
  - FBSDKShareKit (4.16.1):
    - FBSDKCoreKit
  - Firebase/Core (3.7.1):
    - FirebaseAnalytics (= 3.4.4)
    - FirebaseCore (= 3.4.3)
  - Firebase/Messaging (3.7.1):
    - Firebase/Core
    - FirebaseMessaging (= 1.2.0)
  - Firebase/RemoteConfig (3.7.1):
    - Firebase/Core
    - FirebaseRemoteConfig (= 1.3.0)
  - FirebaseAnalytics (3.4.4):
    - FirebaseCore (~> 3.4)
    - FirebaseInstanceID (~> 1.0)
    - GoogleInterchangeUtilities (~> 1.2)
    - GoogleSymbolUtilities (~> 1.1)
  - FirebaseCore (3.4.3):
    - GoogleInterchangeUtilities (~> 1.2)
    - GoogleUtilities (~> 1.2)
  - FirebaseInstanceID (1.0.8)
  - FirebaseMessaging (1.2.0):
    - FirebaseAnalytics (~> 3.3)
    - FirebaseInstanceID (~> 1.0)
    - GoogleInterchangeUtilities (~> 1.2)
    - GoogleIPhoneUtilities (~> 1.2)
    - GoogleSymbolUtilities (~> 1.1)
  - FirebaseRemoteConfig (1.3.0):
    - FirebaseAnalytics (~> 3.3)
    - FirebaseInstanceID (~> 1.0)
    - GoogleInterchangeUtilities (~> 1.2)
    - GoogleIPhoneUtilities (~> 1.2)
    - GoogleSymbolUtilities (~> 1.1)
    - GoogleUtilities (~> 1.2)
  - FontAwesome.swift (1.0.0)
  - GoogleInterchangeUtilities (1.2.2):
    - GoogleSymbolUtilities (~> 1.1)
  - GoogleIPhoneUtilities (1.2.1):
    - GoogleSymbolUtilities (~> 1.0)
    - GoogleUtilities (~> 1.0)
  - GoogleSymbolUtilities (1.1.2)
  - GoogleUtilities (1.3.2):
    - GoogleSymbolUtilities (~> 1.1)
  - ObjectMapper (2.0.0)
  - p2.OAuth2 (3.0.0)
  - Reachability (3.2)
  - RMActionController (1.0.5)
  - RMPickerViewController (2.0.3):
    - RMActionController (~> 1.0.5)
  - SDWebImage (3.8.2):
    - SDWebImage/Core (= 3.8.2)
  - SDWebImage/Core (3.8.2)
  - SVProgressHUD (2.0.3)

DEPENDENCIES:
  - AcknowList (~> 1.1)
  - Alamofire (~> 4.0.1)
  - AlamofireObjectMapper (~> 4.0.0)
  - Bolts
  - CVCalendar (~> 1.4)
  - FBSDKCoreKit
  - FBSDKLoginKit
  - FBSDKShareKit
  - Firebase/Core
  - Firebase/Messaging
  - Firebase/RemoteConfig
  - FontAwesome.swift (from `https://github.com/thii/FontAwesome.swift`)
  - ObjectMapper (~> 2.0.0)
  - p2.OAuth2 (from `https://github.com/p2/OAuth2`)
  - Reachability (~> 3.2)
  - RMActionController (~> 1.0)
  - RMPickerViewController (~> 2.0.3)
  - SDWebImage (~> 3.8)
  - SVProgressHUD (~> 2.0)

EXTERNAL SOURCES:
  FontAwesome.swift:
    :git: https://github.com/thii/FontAwesome.swift
  p2.OAuth2:
    :git: https://github.com/p2/OAuth2
    :submodules: true

CHECKOUT OPTIONS:
  FontAwesome.swift:
    :commit: 596aca16c5110ee78be57133ca58d84d195bc7f3
    :git: https://github.com/thii/FontAwesome.swift
  p2.OAuth2:
    :commit: aa25d75ed7e6528335b0f51b0ebe854208a8f34f
    :git: https://github.com/p2/OAuth2
    :submodules: true

SPEC CHECKSUMS:
  AcknowList: 18ccee4d933a153622416cce2d36e6864ec147ea
  Alamofire: 7682d43245de14874acd142ec137b144aa1dd335
  AlamofireObjectMapper: 9faa3ce5a240efda1b209009a2d6e1e949227abc
  Bolts: 8a7995239dbe724f9cba2248b766d48b7ebdd322
  CVCalendar: ec1a06a508f99d8e5067258754f811a8a1433a3f
  FBSDKCoreKit: 6feac4e8921ccd7afa83fb1df6291dc6eec42c7c
  FBSDKLoginKit: 469a56cebe2e1ed62b1621d0b155970fd6aac2d8
  FBSDKShareKit: 53af0239b5bd2ebf191f32f75991245a208cc982
  Firebase: be473484f0d515e72ffd04acf22f981773c23e58
  FirebaseAnalytics: 0533a00b681e08fd0b2cd0444b7ddf0ef9fd7a1a
  FirebaseCore: 5a885548bbc5f0c410b04f8e9ac9d73ff1221907
  FirebaseInstanceID: ba1e640935235e5fac39dfa816fe7660e72e1a8a
  FirebaseMessaging: 789d23fd796594dfb55dcf36cd325541df887c22
  FirebaseRemoteConfig: 981f45d4278281cfefa8f48a6f5c566f2c95ac5a
  FontAwesome.swift: beb1ff2f206a1517745f4f057a4d30a76f8d7d4e
  GoogleInterchangeUtilities: d5bc4d88d5b661ab72f9d70c58d02ca8c27ad1f7
  GoogleIPhoneUtilities: 63f25e93a3ddcb66884d182aab3a660d98f1479b
  GoogleSymbolUtilities: 631ee17048aa5e9ab133470d768ea997a5ef9b96
  GoogleUtilities: 8bbc733218aad26306f9d4a253823986110e3358
  ObjectMapper: aed2570edabbd3c9b26c939e1cabdb6558f933e0
  p2.OAuth2: a8f96ecad6a46189b9b193691fea401139e43491
  Reachability: 33e18b67625424e47b6cde6d202dce689ad7af96
  RMActionController: b83653e7452ed51492094d65dc82151c36443c03
  RMPickerViewController: f774dbdfddfe819bbaf211d5719deebcbf1a55ed
  SDWebImage: 098e97e6176540799c27e804c96653ee0833d13c
  SVProgressHUD: b0830714205bea1317ea1a2ebc71e5633af334d4

PODFILE CHECKSUM: 319d11a7b67aaa810d33073c5258810a3f8d8310

COCOAPODS: 1.2.1
