PODS:
  - Alamofire (3.2.1)
  - AlamofireObjectMapper (2.1.2):
    - Alamofire (~> 3.2)
    - ObjectMapper (~> 1.0)
  - Bolts (1.6.0):
    - Bolts/AppLinks (= 1.6.0)
    - Bolts/Tasks (= 1.6.0)
  - Bolts/AppLinks (1.6.0):
    - Bolts/Tasks
  - Bolts/Tasks (1.6.0)
  - FBSDKCoreKit (4.10.0):
    - Bolts (~> 1.5)
  - FBSDKLoginKit (4.10.0):
    - FBSDKCoreKit
  - FBSDKShareKit (4.10.0):
    - FBSDKCoreKit
  - GoogleAnalytics-iOS-SDK (3.12):
    - GoogleAnalytics-iOS-SDK/Core (= 3.12)
  - GoogleAnalytics-iOS-SDK/Core (3.12)
  - ObjectMapper (1.1.5)
  - p2.OAuth2 (2.2.1):
    - SwiftKeychain (~> 0.1.5)
  - Reachability (3.2)
  - RMPickerViewController (1.3.3)
  - SDWebImage (3.7.5):
    - SDWebImage/Core (= 3.7.5)
  - SDWebImage/Core (3.7.5)
  - SMPageControl (1.2)
  - SVProgressHUD (1.1.3)
  - SwiftKeychain (0.1.5)
  - SWXMLHash (2.1.0)
  - TUSafariActivity (0.0.1)
  - VTAcknowledgementsViewController (0.17)

DEPENDENCIES:
  - Alamofire
  - AlamofireObjectMapper
  - Bolts
  - FBSDKCoreKit
  - FBSDKLoginKit
  - FBSDKShareKit
  - GoogleAnalytics-iOS-SDK (~> 3.10)
  - ObjectMapper
  - p2.OAuth2
  - Reachability (~> 3.2)
  - RMPickerViewController (~> 1.3.3)
  - SDWebImage (~> 3.7)
  - SMPageControl (~> 1.2)
  - SVProgressHUD (~> 1.1)
  - SWXMLHash
  - TUSafariActivity (from `External/TUSafariActivity.podspec`)
  - VTAcknowledgementsViewController (~> 0.13)

EXTERNAL SOURCES:
  TUSafariActivity:
    :podspec: External/TUSafariActivity.podspec

SPEC CHECKSUMS:
  Alamofire: f11d8624a05f5d39e0c99309b3e600a3ba64298a
  AlamofireObjectMapper: 82391c31f23e37bdb2660da174bcf81b202da39d
  Bolts: f52a250053bb517ca874523c3913776359ab3def
  FBSDKCoreKit: 13bec8373fb3af94d44daf2aa1e0958687897fbd
  FBSDKLoginKit: d3d4a2e9d31954deb00bfea964167a05ca1ea976
  FBSDKShareKit: 54587b4624706ace1e810cf83412a918141f807a
  GoogleAnalytics-iOS-SDK: 13241762fa4aea845eb75bef6c0da3427a26e7b3
  ObjectMapper: 528b1a6677a6acac7747edd508576983e76a9148
  p2.OAuth2: 7f5c44259ef83ea5b9ef8f9049310611788f86cb
  Reachability: 33e18b67625424e47b6cde6d202dce689ad7af96
  RMPickerViewController: 1a64e211e86ac3d961214c9c376de7c0241ac25b
  SDWebImage: 69c6303e3348fba97e03f65d65d4fbc26740f461
  SMPageControl: 922892813001cfaf059e86e6801f46a967e9ee29
  SVProgressHUD: 748080e4f36e603f6c02aec292664239df5279c1
  SwiftKeychain: 1387edad8b56c659daa93d9ffc99526bac5b0088
  SWXMLHash: 7257a358b3ab2f7a209e0b4e4cf552e8b6df5f0f
  TUSafariActivity: 83284fca15bb3331b1680ee1fbe39be38fe3a6e3
  VTAcknowledgementsViewController: 6056f5f5e5ed995bbf0581bed6ddd29355ca9a80

PODFILE CHECKSUM: c7af4b974415df5ccaa1702d4ecd42b499165978

COCOAPODS: 1.0.0.beta.3
