PODS:
  - AcknowList (1.0)
  - Alamofire (3.4.1)
  - AlamofireObjectMapper (3.0.0):
    - Alamofire (~> 3.2)
    - ObjectMapper (~> 1.0)
  - Bolts (1.8.0):
    - Bolts/AppLinks (= 1.8.0)
    - Bolts/Tasks (= 1.8.0)
  - Bolts/AppLinks (1.8.0):
    - Bolts/Tasks
  - Bolts/Tasks (1.8.0)
  - FBSDKCoreKit (4.13.1):
    - Bolts (~> 1.7)
  - FBSDKLoginKit (4.13.1):
    - FBSDKCoreKit
  - FBSDKShareKit (4.13.1):
    - FBSDKCoreKit
  - Google/Analytics (2.0.4):
    - Google/Core
    - GoogleAnalytics (~> 3.12)
  - Google/Core (2.0.4):
    - GoogleInterchangeUtilities (~> 1.0)
    - GoogleNetworkingUtilities (~> 1.0)
    - GoogleSymbolUtilities (~> 1.0)
    - GoogleUtilities (~> 1.1)
  - GoogleAnalytics (3.14.0)
  - GoogleInterchangeUtilities (1.2.1):
    - GoogleSymbolUtilities (~> 1.0)
  - GoogleNetworkingUtilities (1.2.1):
    - GoogleSymbolUtilities (~> 1.0)
  - GoogleSymbolUtilities (1.1.1)
  - GoogleUtilities (1.3.1):
    - GoogleSymbolUtilities (~> 1.0)
  - ObjectMapper (1.3.0)
  - p2.OAuth2 (2.2.7):
    - SwiftKeychain (~> 1.0)
  - Reachability (3.2)
  - RMActionController (1.0.5)
  - RMPickerViewController (2.0.3):
    - RMActionController (~> 1.0.5)
  - SDWebImage (3.8.1):
    - SDWebImage/Core (= 3.8.1)
  - SDWebImage/Core (3.8.1)
  - SMPageControl (1.2)
  - SVProgressHUD (1.1.3)
  - SwiftKeychain (1.0.0)
  - SWXMLHash (2.3.2)
  - TUSafariActivity (0.0.1)

DEPENDENCIES:
  - AcknowList
  - Alamofire
  - AlamofireObjectMapper
  - Bolts
  - FBSDKCoreKit
  - FBSDKLoginKit
  - FBSDKShareKit
  - Google/Analytics (~> 2.0)
  - ObjectMapper
  - p2.OAuth2
  - Reachability (~> 3.2)
  - RMPickerViewController (~> 2.0.3)
  - SDWebImage (~> 3.7)
  - SMPageControl (~> 1.2)
  - SVProgressHUD (~> 1.1)
  - SWXMLHash
  - TUSafariActivity (from `External/TUSafariActivity.podspec`)

EXTERNAL SOURCES:
  TUSafariActivity:
    :podspec: External/TUSafariActivity.podspec

SPEC CHECKSUMS:
  AcknowList: 06a183d117b7e2bb0c6f5654366d2912dc64a6c4
  Alamofire: 01a82e2f6c0f860ade35534c8dd88be61bdef40c
  AlamofireObjectMapper: 2d16585d06177be0116d76de73497e77437798af
  Bolts: 127daec4981dab569d07314c198dfcae47f4ce4c
  FBSDKCoreKit: 2807fe0da2ddb49a1469da6d6ff597f99912980f
  FBSDKLoginKit: 6d350cb6a22d6956e9d078885de6ee8a0ebc51b4
  FBSDKShareKit: c9438df7573b33780ac8c3451201c5ebb260ffca
  Google: d0932824c5b97c96be489aa6f4e8cd6c294d637d
  GoogleAnalytics: 9be1afdb8deeac4bb5f13ca7f7d3b9db2a1f43dc
  GoogleInterchangeUtilities: def8415a862effc67d549d5b5b0b9c7a2f97d4de
  GoogleNetworkingUtilities: 3e83269048cfb498dc7ec83ab36813360965c74f
  GoogleSymbolUtilities: 33117db1b5f290c6fbf259585e4885b4c84b98d7
  GoogleUtilities: 56c5ac05b7aa5dc417a1bb85221a9516e04d7032
  ObjectMapper: 4eb08a726e9791a93b2632049951b56a7c17e471
  p2.OAuth2: a4391406917fc2a3bb820aec6e1180b8f87321fd
  Reachability: 33e18b67625424e47b6cde6d202dce689ad7af96
  RMActionController: b83653e7452ed51492094d65dc82151c36443c03
  RMPickerViewController: f774dbdfddfe819bbaf211d5719deebcbf1a55ed
  SDWebImage: 35f9627a3e44b4f292a8a8ce6a531fa488239b91
  SMPageControl: 922892813001cfaf059e86e6801f46a967e9ee29
  SVProgressHUD: 748080e4f36e603f6c02aec292664239df5279c1
  SwiftKeychain: fd9ad69f7b3ff7a0c7ba579da508bbaa89a395b2
  SWXMLHash: 2f8c49af765718ad56020c4f875ec3ff22612f06
  TUSafariActivity: 83284fca15bb3331b1680ee1fbe39be38fe3a6e3

PODFILE CHECKSUM: c2c854e54ed7ac0a66e8dbe9f85eac2dc2be2db6

COCOAPODS: 1.0.0.beta.4
